
Microsoft Visual Studio Solution File, Format Version 11.00
# Visual C# Express 2010
Project("{FAE04EC0-301F-11D3-BF4B-00C04F79EFBC}") = "LongestCommonSubsequence", "LongestCommonSubsequence\LongestCommonSubsequence.csproj", "{C0C31912-3193-4FE0-87D4-F3B6C45D5091}"
EndProject
Global
	GlobalSection(SolutionConfigurationPlatforms) = preSolution
		Debug|x86 = Debug|x86
		Release|x86 = Release|x86
	EndGlobalSection
	GlobalSection(ProjectConfigurationPlatforms) = postSolution
		{C0C31912-3193-4FE0-87D4-F3B6C45D5091}.Debug|x86.ActiveCfg = Debug|x86
		{C0C31912-3193-4FE0-87D4-F3B6C45D5091}.Debug|x86.Build.0 = Debug|x86
		{C0C31912-3193-4FE0-87D4-F3B6C45D5091}.Release|x86.ActiveCfg = Release|x86
		{C0C31912-3193-4FE0-87D4-F3B6C45D5091}.Release|x86.Build.0 = Release|x86
	EndGlobalSection
	GlobalSection(SolutionProperties) = preSolution
		HideSolutionNode = FALSE
	EndGlobalSection
EndGlobal
